
Microsoft Visual Studio Solution File, Format Version 12.00
# Visual Studio Version 16
VisualStudioVersion = 16.0.32802.440
MinimumVisualStudioVersion = 10.0.40219.1
Project("{FAE04EC0-301F-11D3-BF4B-00C04F79EFBC}") = "zadanie na ocene", "zadanie na ocene.csproj", "{EC5905DA-963B-4F47-9F9E-AC604D90F796}"
EndProject
Global
	GlobalSection(SolutionConfigurationPlatforms) = preSolution
		Debug|Any CPU = Debug|Any CPU
		Release|Any CPU = Release|Any CPU
	EndGlobalSection
	GlobalSection(ProjectConfigurationPlatforms) = postSolution
		{EC5905DA-963B-4F47-9F9E-AC604D90F796}.Debug|Any CPU.ActiveCfg = Debug|Any CPU
		{EC5905DA-963B-4F47-9F9E-AC604D90F796}.Debug|Any CPU.Build.0 = Debug|Any CPU
		{EC5905DA-963B-4F47-9F9E-AC604D90F796}.Release|Any CPU.ActiveCfg = Release|Any CPU
		{EC5905DA-963B-4F47-9F9E-AC604D90F796}.Release|Any CPU.Build.0 = Release|Any CPU
	EndGlobalSection
	GlobalSection(SolutionProperties) = preSolution
		HideSolutionNode = FALSE
	EndGlobalSection
	GlobalSection(ExtensibilityGlobals) = postSolution
		SolutionGuid = {DFD3ED88-7D6D-4C40-B4B9-B1B9E5C45C4C}
	EndGlobalSection
EndGlobal
